// !$*UTF8*$!
{
	archiveVersion = 1;
	classes = {
	};
	objectVersion = 50;
	objects = {

/* Begin PBXBuildFile section */
		31A7DC7B228514AB001AC068 /* NBCountryPicker.h in Headers */ = {isa = PBXBuildFile; fileRef = 31A7DC79228514AB001AC068 /* NBCountryPicker.h */; settings = {ATTRIBUTES = (Public, ); }; };
		31A7DC8922851678001AC068 /* CountryPickerView.xib in Resources */ = {isa = PBXBuildFile; fileRef = 31A7DC8322851678001AC068 /* CountryPickerView.xib */; };
		31A7DC8A22851678001AC068 /* CountryPickerTableViewCell.swift in Sources */ = {isa = PBXBuildFile; fileRef = 31A7DC8422851678001AC068 /* CountryPickerTableViewCell.swift */; };
		31A7DC8B22851678001AC068 /* CountryPickerTableViewCell.xib in Resources */ = {isa = PBXBuildFile; fileRef = 31A7DC8522851678001AC068 /* CountryPickerTableViewCell.xib */; };
		31A7DC8C22851678001AC068 /* CountryPickerView.swift in Sources */ = {isa = PBXBuildFile; fileRef = 31A7DC8622851678001AC068 /* CountryPickerView.swift */; };
		31A7DC8D22851678001AC068 /* CountryPickerImageNameCell.swift in Sources */ = {isa = PBXBuildFile; fileRef = 31A7DC8722851678001AC068 /* CountryPickerImageNameCell.swift */; };
		31A7DC8E22851678001AC068 /* CountryPickerImageNameCell.xib in Resources */ = {isa = PBXBuildFile; fileRef = 31A7DC8822851678001AC068 /* CountryPickerImageNameCell.xib */; };
		31A7DC93228516AF001AC068 /* Images in Resources */ = {isa = PBXBuildFile; fileRef = 31A7DC91228516AF001AC068 /* Images */; };
		31A7DC94228516AF001AC068 /* Data in Resources */ = {isa = PBXBuildFile; fileRef = 31A7DC92228516AF001AC068 /* Data */; };
		7ADCDAE138AD0D6643F58F22 /* Pods_NBCountryPicker.framework in Frameworks */ = {isa = PBXBuildFile; fileRef = E2029D2A7D249AE243DDF78F /* Pods_NBCountryPicker.framework */; };
/* End PBXBuildFile section */

/* Begin PBXFileReference section */
		31A7DC76228514AB001AC068 /* NBCountryPicker.framework */ = {isa = PBXFileReference; explicitFileType = wrapper.framework; includeInIndex = 0; path = NBCountryPicker.framework; sourceTree = BUILT_PRODUCTS_DIR; };
		31A7DC79228514AB001AC068 /* NBCountryPicker.h */ = {isa = PBXFileReference; lastKnownFileType = sourcecode.c.h; path = NBCountryPicker.h; sourceTree = "<group>"; };
		31A7DC7A228514AB001AC068 /* Info.plist */ = {isa = PBXFileReference; lastKnownFileType = text.plist.xml; path = Info.plist; sourceTree = "<group>"; };
		31A7DC8322851678001AC068 /* CountryPickerView.xib */ = {isa = PBXFileReference; fileEncoding = 4; lastKnownFileType = file.xib; path = CountryPickerView.xib; sourceTree = "<group>"; };
		31A7DC8422851678001AC068 /* CountryPickerTableViewCell.swift */ = {isa = PBXFileReference; fileEncoding = 4; lastKnownFileType = sourcecode.swift; path = CountryPickerTableViewCell.swift; sourceTree = "<group>"; };
		31A7DC8522851678001AC068 /* CountryPickerTableViewCell.xib */ = {isa = PBXFileReference; fileEncoding = 4; lastKnownFileType = file.xib; path = CountryPickerTableViewCell.xib; sourceTree = "<group>"; };
		31A7DC8622851678001AC068 /* CountryPickerView.swift */ = {isa = PBXFileReference; fileEncoding = 4; lastKnownFileType = sourcecode.swift; path = CountryPickerView.swift; sourceTree = "<group>"; };
		31A7DC8722851678001AC068 /* CountryPickerImageNameCell.swift */ = {isa = PBXFileReference; fileEncoding = 4; lastKnownFileType = sourcecode.swift; path = CountryPickerImageNameCell.swift; sourceTree = "<group>"; };
		31A7DC8822851678001AC068 /* CountryPickerImageNameCell.xib */ = {isa = PBXFileReference; fileEncoding = 4; lastKnownFileType = file.xib; path = CountryPickerImageNameCell.xib; sourceTree = "<group>"; };
		31A7DC91228516AF001AC068 /* Images */ = {isa = PBXFileReference; lastKnownFileType = folder; name = Images; path = NBCountryPicker/Images; sourceTree = SOURCE_ROOT; };
		31A7DC92228516AF001AC068 /* Data */ = {isa = PBXFileReference; lastKnownFileType = folder; name = Data; path = NBCountryPicker/Data; sourceTree = SOURCE_ROOT; };
		3D703165EA07DBC99A603E5E /* Pods-NBCountryPicker.debug.xcconfig */ = {isa = PBXFileReference; includeInIndex = 1; lastKnownFileType = text.xcconfig; name = "Pods-NBCountryPicker.debug.xcconfig"; path = "Target Support Files/Pods-NBCountryPicker/Pods-NBCountryPicker.debug.xcconfig"; sourceTree = "<group>"; };
		8B1664F75977A99B15404F8C /* Pods-NBCountryPicker.release.xcconfig */ = {isa = PBXFileReference; includeInIndex = 1; lastKnownFileType = text.xcconfig; name = "Pods-NBCountryPicker.release.xcconfig"; path = "Target Support Files/Pods-NBCountryPicker/Pods-NBCountryPicker.release.xcconfig"; sourceTree = "<group>"; };
		E2029D2A7D249AE243DDF78F /* Pods_NBCountryPicker.framework */ = {isa = PBXFileReference; explicitFileType = wrapper.framework; includeInIndex = 0; path = Pods_NBCountryPicker.framework; sourceTree = BUILT_PRODUCTS_DIR; };
/* End PBXFileReference section */

/* Begin PBXFrameworksBuildPhase section */
		31A7DC73228514AB001AC068 /* Frameworks */ = {
			isa = PBXFrameworksBuildPhase;
			buildActionMask = 2147483647;
			files = (
				7ADCDAE138AD0D6643F58F22 /* Pods_NBCountryPicker.framework in Frameworks */,
			);
			runOnlyForDeploymentPostprocessing = 0;
		};
/* End PBXFrameworksBuildPhase section */

/* Begin PBXGroup section */
		31A7DC6C228514AB001AC068 = {
			isa = PBXGroup;
			children = (
				31A7DC78228514AB001AC068 /* NBCountryPicker */,
				31A7DC77228514AB001AC068 /* Products */,
				3BDD9E72C3697DCC3D3E2E05 /* Pods */,
				D6ED98B8D1298C96E595D04B /* Frameworks */,
			);
			sourceTree = "<group>";
		};
		31A7DC77228514AB001AC068 /* Products */ = {
			isa = PBXGroup;
			children = (
				31A7DC76228514AB001AC068 /* NBCountryPicker.framework */,
			);
			name = Products;
			sourceTree = "<group>";
		};
		31A7DC78228514AB001AC068 /* NBCountryPicker */ = {
			isa = PBXGroup;
			children = (
				31A7DC9022851691001AC068 /* Resources */,
				31A7DC8F22851681001AC068 /* View */,
				31A7DC79228514AB001AC068 /* NBCountryPicker.h */,
				31A7DC7A228514AB001AC068 /* Info.plist */,
			);
			path = NBCountryPicker;
			sourceTree = "<group>";
		};
		31A7DC8F22851681001AC068 /* View */ = {
			isa = PBXGroup;
			children = (
				31A7DC8722851678001AC068 /* CountryPickerImageNameCell.swift */,
				31A7DC8822851678001AC068 /* CountryPickerImageNameCell.xib */,
				31A7DC8422851678001AC068 /* CountryPickerTableViewCell.swift */,
				31A7DC8522851678001AC068 /* CountryPickerTableViewCell.xib */,
				31A7DC8622851678001AC068 /* CountryPickerView.swift */,
				31A7DC8322851678001AC068 /* CountryPickerView.xib */,
			);
			path = View;
			sourceTree = "<group>";
		};
		31A7DC9022851691001AC068 /* Resources */ = {
			isa = PBXGroup;
			children = (
				31A7DC92228516AF001AC068 /* Data */,
				31A7DC91228516AF001AC068 /* Images */,
			);
			path = Resources;
			sourceTree = "<group>";
		};
		3BDD9E72C3697DCC3D3E2E05 /* Pods */ = {
			isa = PBXGroup;
			children = (
				3D703165EA07DBC99A603E5E /* Pods-NBCountryPicker.debug.xcconfig */,
				8B1664F75977A99B15404F8C /* Pods-NBCountryPicker.release.xcconfig */,
			);
			name = Pods;
			path = Pods;
			sourceTree = "<group>";
		};
		D6ED98B8D1298C96E595D04B /* Frameworks */ = {
			isa = PBXGroup;
			children = (
				E2029D2A7D249AE243DDF78F /* Pods_NBCountryPicker.framework */,
			);
			name = Frameworks;
			sourceTree = "<group>";
		};
/* End PBXGroup section */

/* Begin PBXHeadersBuildPhase section */
		31A7DC71228514AB001AC068 /* Headers */ = {
			isa = PBXHeadersBuildPhase;
			buildActionMask = 2147483647;
			files = (
				31A7DC7B228514AB001AC068 /* NBCountryPicker.h in Headers */,
			);
			runOnlyForDeploymentPostprocessing = 0;
		};
/* End PBXHeadersBuildPhase section */

/* Begin PBXNativeTarget section */
		31A7DC75228514AB001AC068 /* NBCountryPicker */ = {
			isa = PBXNativeTarget;
			buildConfigurationList = 31A7DC7E228514AB001AC068 /* Build configuration list for PBXNativeTarget "NBCountryPicker" */;
			buildPhases = (
				418CAF89D7AE81238F594A63 /* [CP] Check Pods Manifest.lock */,
				31A7DC71228514AB001AC068 /* Headers */,
				31A7DC72228514AB001AC068 /* Sources */,
				31A7DC73228514AB001AC068 /* Frameworks */,
				31A7DC74228514AB001AC068 /* Resources */,
			);
			buildRules = (
			);
			dependencies = (
			);
			name = NBCountryPicker;
			productName = NBCountryPicker;
			productReference = 31A7DC76228514AB001AC068 /* NBCountryPicker.framework */;
			productType = "com.apple.product-type.framework";
		};
/* End PBXNativeTarget section */

/* Begin PBXProject section */
		31A7DC6D228514AB001AC068 /* Project object */ = {
			isa = PBXProject;
			attributes = {
				LastUpgradeCheck = 1020;
				ORGANIZATIONNAME = "Nikhil Bhownani";
				TargetAttributes = {
					31A7DC75228514AB001AC068 = {
						CreatedOnToolsVersion = 10.2.1;
						LastSwiftMigration = 1020;
					};
				};
			};
			buildConfigurationList = 31A7DC70228514AB001AC068 /* Build configuration list for PBXProject "NBCountryPicker" */;
			compatibilityVersion = "Xcode 9.3";
			developmentRegion = en;
			hasScannedForEncodings = 0;
			knownRegions = (
				en,
			);
			mainGroup = 31A7DC6C228514AB001AC068;
			productRefGroup = 31A7DC77228514AB001AC068 /* Products */;
			projectDirPath = "";
			projectRoot = "";
			targets = (
				31A7DC75228514AB001AC068 /* NBCountryPicker */,
			);
		};
/* End PBXProject section */

/* Begin PBXResourcesBuildPhase section */
		31A7DC74228514AB001AC068 /* Resources */ = {
			isa = PBXResourcesBuildPhase;
			buildActionMask = 2147483647;
			files = (
				31A7DC93228516AF001AC068 /* Images in Resources */,
				31A7DC8B22851678001AC068 /* CountryPickerTableViewCell.xib in Resources */,
				31A7DC94228516AF001AC068 /* Data in Resources */,
				31A7DC8E22851678001AC068 /* CountryPickerImageNameCell.xib in Resources */,
				31A7DC8922851678001AC068 /* CountryPickerView.xib in Resources */,
			);
			runOnlyForDeploymentPostprocessing = 0;
		};
/* End PBXResourcesBuildPhase section */

/* Begin PBXShellScriptBuildPhase section */
		418CAF89D7AE81238F594A63 /* [CP] Check Pods Manifest.lock */ = {
			isa = PBXShellScriptBuildPhase;
			buildActionMask = 2147483647;
			files = (
			);
			inputFileListPaths = (
			);
			inputPaths = (
				"${PODS_PODFILE_DIR_PATH}/Podfile.lock",
				"${PODS_ROOT}/Manifest.lock",
			);
			name = "[CP] Check Pods Manifest.lock";
			outputFileListPaths = (
			);
			outputPaths = (
				"$(DERIVED_FILE_DIR)/Pods-NBCountryPicker-checkManifestLockResult.txt",
			);
			runOnlyForDeploymentPostprocessing = 0;
			shellPath = /bin/sh;
			shellScript = "diff \"${PODS_PODFILE_DIR_PATH}/Podfile.lock\" \"${PODS_ROOT}/Manifest.lock\" > /dev/null\nif [ $? != 0 ] ; then\n    # print error to STDERR\n    echo \"error: The sandbox is not in sync with the Podfile.lock. Run 'pod install' or update your CocoaPods installation.\" >&2\n    exit 1\nfi\n# This output is used by Xcode 'outputs' to avoid re-running this script phase.\necho \"SUCCESS\" > \"${SCRIPT_OUTPUT_FILE_0}\"\n";
			showEnvVarsInLog = 0;
		};
/* End PBXShellScriptBuildPhase section */

/* Begin PBXSourcesBuildPhase section */
		31A7DC72228514AB001AC068 /* Sources */ = {
			isa = PBXSourcesBuildPhase;
			buildActionMask = 2147483647;
			files = (
				31A7DC8A22851678001AC068 /* CountryPickerTableViewCell.swift in Sources */,
				31A7DC8D22851678001AC068 /* CountryPickerImageNameCell.swift in Sources */,
				31A7DC8C22851678001AC068 /* CountryPickerView.swift in Sources */,
			);
			runOnlyForDeploymentPostprocessing = 0;
		};
/* End PBXSourcesBuildPhase section */

/* Begin XCBuildConfiguration section */
		31A7DC7C228514AB001AC068 /* Debug */ = {
			isa = XCBuildConfiguration;
			buildSettings = {
				ALWAYS_SEARCH_USER_PATHS = NO;
				CLANG_ANALYZER_NONNULL = YES;
				CLANG_ANALYZER_NUMBER_OBJECT_CONVERSION = YES_AGGRESSIVE;
				CLANG_CXX_LANGUAGE_STANDARD = "gnu++14";
				CLANG_CXX_LIBRARY = "libc++";
				CLANG_ENABLE_MODULES = YES;
				CLANG_ENABLE_OBJC_ARC = YES;
				CLANG_ENABLE_OBJC_WEAK = YES;
				CLANG_WARN_BLOCK_CAPTURE_AUTORELEASING = YES;
				CLANG_WARN_BOOL_CONVERSION = YES;
				CLANG_WARN_COMMA = YES;
				CLANG_WARN_CONSTANT_CONVERSION = YES;
				CLANG_WARN_DEPRECATED_OBJC_IMPLEMENTATIONS = YES;
				CLANG_WARN_DIRECT_OBJC_ISA_USAGE = YES_ERROR;
				CLANG_WARN_DOCUMENTATION_COMMENTS = YES;
				CLANG_WARN_EMPTY_BODY = YES;
				CLANG_WARN_ENUM_CONVERSION = YES;
				CLANG_WARN_INFINITE_RECURSION = YES;
				CLANG_WARN_INT_CONVERSION = YES;
				CLANG_WARN_NON_LITERAL_NULL_CONVERSION = YES;
				CLANG_WARN_OBJC_IMPLICIT_RETAIN_SELF = YES;
				CLANG_WARN_OBJC_LITERAL_CONVERSION = YES;
				CLANG_WARN_OBJC_ROOT_CLASS = YES_ERROR;
				CLANG_WARN_RANGE_LOOP_ANALYSIS = YES;
				CLANG_WARN_STRICT_PROTOTYPES = YES;
				CLANG_WARN_SUSPICIOUS_MOVE = YES;
				CLANG_WARN_UNGUARDED_AVAILABILITY = YES_AGGRESSIVE;
				CLANG_WARN_UNREACHABLE_CODE = YES;
				CLANG_WARN__DUPLICATE_METHOD_MATCH = YES;
				CODE_SIGN_IDENTITY = "iPhone Developer";
				COPY_PHASE_STRIP = NO;
				CURRENT_PROJECT_VERSION = 1;
				DEBUG_INFORMATION_FORMAT = dwarf;
				ENABLE_STRICT_OBJC_MSGSEND = YES;
				ENABLE_TESTABILITY = YES;
				GCC_C_LANGUAGE_STANDARD = gnu11;
				GCC_DYNAMIC_NO_PIC = NO;
				GCC_NO_COMMON_BLOCKS = YES;
				GCC_OPTIMIZATION_LEVEL = 0;
				GCC_PREPROCESSOR_DEFINITIONS = (
					"DEBUG=1",
					"$(inherited)",
				);
				GCC_WARN_64_TO_32_BIT_CONVERSION = YES;
				GCC_WARN_ABOUT_RETURN_TYPE = YES_ERROR;
				GCC_WARN_UNDECLARED_SELECTOR = YES;
				GCC_WARN_UNINITIALIZED_AUTOS = YES_AGGRESSIVE;
				GCC_WARN_UNUSED_FUNCTION = YES;
				GCC_WARN_UNUSED_VARIABLE = YES;
				IPHONEOS_DEPLOYMENT_TARGET = 12.2;
				MTL_ENABLE_DEBUG_INFO = INCLUDE_SOURCE;
				MTL_FAST_MATH = YES;
				ONLY_ACTIVE_ARCH = YES;
				SDKROOT = iphoneos;
				SWIFT_ACTIVE_COMPILATION_CONDITIONS = DEBUG;
				SWIFT_OPTIMIZATION_LEVEL = "-Onone";
				VERSIONING_SYSTEM = "apple-generic";
				VERSION_INFO_PREFIX = "";
			};
			name = Debug;
		};
		31A7DC7D228514AB001AC068 /* Release */ = {
			isa = XCBuildConfiguration;
			buildSettings = {
				ALWAYS_SEARCH_USER_PATHS = NO;
				CLANG_ANALYZER_NONNULL = YES;
				CLANG_ANALYZER_NUMBER_OBJECT_CONVERSION = YES_AGGRESSIVE;
				CLANG_CXX_LANGUAGE_STANDARD = "gnu++14";
				CLANG_CXX_LIBRARY = "libc++";
				CLANG_ENABLE_MODULES = YES;
				CLANG_ENABLE_OBJC_ARC = YES;
				CLANG_ENABLE_OBJC_WEAK = YES;
				CLANG_WARN_BLOCK_CAPTURE_AUTORELEASING = YES;
				CLANG_WARN_BOOL_CONVERSION = YES;
				CLANG_WARN_COMMA = YES;
				CLANG_WARN_CONSTANT_CONVERSION = YES;
				CLANG_WARN_DEPRECATED_OBJC_IMPLEMENTATIONS = YES;
				CLANG_WARN_DIRECT_OBJC_ISA_USAGE = YES_ERROR;
				CLANG_WARN_DOCUMENTATION_COMMENTS = YES;
				CLANG_WARN_EMPTY_BODY = YES;
				CLANG_WARN_ENUM_CONVERSION = YES;
				CLANG_WARN_INFINITE_RECURSION = YES;
				CLANG_WARN_INT_CONVERSION = YES;
				CLANG_WARN_NON_LITERAL_NULL_CONVERSION = YES;
				CLANG_WARN_OBJC_IMPLICIT_RETAIN_SELF = YES;
				CLANG_WARN_OBJC_LITERAL_CONVERSION = YES;
				CLANG_WARN_OBJC_ROOT_CLASS = YES_ERROR;
				CLANG_WARN_RANGE_LOOP_ANALYSIS = YES;
				CLANG_WARN_STRICT_PROTOTYPES = YES;
				CLANG_WARN_SUSPICIOUS_MOVE = YES;
				CLANG_WARN_UNGUARDED_AVAILABILITY = YES_AGGRESSIVE;
				CLANG_WARN_UNREACHABLE_CODE = YES;
				CLANG_WARN__DUPLICATE_METHOD_MATCH = YES;
				CODE_SIGN_IDENTITY = "iPhone Developer";
				COPY_PHASE_STRIP = NO;
				CURRENT_PROJECT_VERSION = 1;
				DEBUG_INFORMATION_FORMAT = "dwarf-with-dsym";
				ENABLE_NS_ASSERTIONS = NO;
				ENABLE_STRICT_OBJC_MSGSEND = YES;
				GCC_C_LANGUAGE_STANDARD = gnu11;
				GCC_NO_COMMON_BLOCKS = YES;
				GCC_WARN_64_TO_32_BIT_CONVERSION = YES;
				GCC_WARN_ABOUT_RETURN_TYPE = YES_ERROR;
				GCC_WARN_UNDECLARED_SELECTOR = YES;
				GCC_WARN_UNINITIALIZED_AUTOS = YES_AGGRESSIVE;
				GCC_WARN_UNUSED_FUNCTION = YES;
				GCC_WARN_UNUSED_VARIABLE = YES;
				IPHONEOS_DEPLOYMENT_TARGET = 12.2;
				MTL_ENABLE_DEBUG_INFO = NO;
				MTL_FAST_MATH = YES;
				SDKROOT = iphoneos;
				SWIFT_COMPILATION_MODE = wholemodule;
				SWIFT_OPTIMIZATION_LEVEL = "-O";
				VALIDATE_PRODUCT = YES;
				VERSIONING_SYSTEM = "apple-generic";
				VERSION_INFO_PREFIX = "";
			};
			name = Release;
		};
		31A7DC7F228514AB001AC068 /* Debug */ = {
			isa = XCBuildConfiguration;
			baseConfigurationReference = 3D703165EA07DBC99A603E5E /* Pods-NBCountryPicker.debug.xcconfig */;
			buildSettings = {
				CLANG_ENABLE_MODULES = YES;
				CODE_SIGN_IDENTITY = "";
				CODE_SIGN_STYLE = Automatic;
				DEFINES_MODULE = YES;
				DYLIB_COMPATIBILITY_VERSION = 1;
				DYLIB_CURRENT_VERSION = 1;
				DYLIB_INSTALL_NAME_BASE = "@rpath";
				INFOPLIST_FILE = NBCountryPicker/Info.plist;
				INSTALL_PATH = "$(LOCAL_LIBRARY_DIR)/Frameworks";
				LD_RUNPATH_SEARCH_PATHS = (
					"$(inherited)",
					"@executable_path/Frameworks",
					"@loader_path/Frameworks",
				);
				PRODUCT_BUNDLE_IDENTIFIER = com.nikhil.NBCountryPicker;
				PRODUCT_NAME = "$(TARGET_NAME:c99extidentifier)";
				SKIP_INSTALL = YES;
				SWIFT_OPTIMIZATION_LEVEL = "-Onone";
				SWIFT_VERSION = 5.0;
				TARGETED_DEVICE_FAMILY = "1,2";
			};
			name = Debug;
		};
		31A7DC80228514AB001AC068 /* Release */ = {
			isa = XCBuildConfiguration;
			baseConfigurationReference = 8B1664F75977A99B15404F8C /* Pods-NBCountryPicker.release.xcconfig */;
			buildSettings = {
				CLANG_ENABLE_MODULES = YES;
				CODE_SIGN_IDENTITY = "";
				CODE_SIGN_STYLE = Automatic;
				DEFINES_MODULE = YES;
				DYLIB_COMPATIBILITY_VERSION = 1;
				DYLIB_CURRENT_VERSION = 1;
				DYLIB_INSTALL_NAME_BASE = "@rpath";
				INFOPLIST_FILE = NBCountryPicker/Info.plist;
				INSTALL_PATH = "$(LOCAL_LIBRARY_DIR)/Frameworks";
				LD_RUNPATH_SEARCH_PATHS = (
					"$(inherited)",
					"@executable_path/Frameworks",
					"@loader_path/Frameworks",
				);
				PRODUCT_BUNDLE_IDENTIFIER = com.nikhil.NBCountryPicker;
				PRODUCT_NAME = "$(TARGET_NAME:c99extidentifier)";
				SKIP_INSTALL = YES;
				SWIFT_VERSION = 5.0;
				TARGETED_DEVICE_FAMILY = "1,2";
			};
			name = Release;
		};
/* End XCBuildConfiguration section */

/* Begin XCConfigurationList section */
		31A7DC70228514AB001AC068 /* Build configuration list for PBXProject "NBCountryPicker" */ = {
			isa = XCConfigurationList;
			buildConfigurations = (
				31A7DC7C228514AB001AC068 /* Debug */,
				31A7DC7D228514AB001AC068 /* Release */,
			);
			defaultConfigurationIsVisible = 0;
			defaultConfigurationName = Release;
		};
		31A7DC7E228514AB001AC068 /* Build configuration list for PBXNativeTarget "NBCountryPicker" */ = {
			isa = XCConfigurationList;
			buildConfigurations = (
				31A7DC7F228514AB001AC068 /* Debug */,
				31A7DC80228514AB001AC068 /* Release */,
			);
			defaultConfigurationIsVisible = 0;
			defaultConfigurationName = Release;
		};
/* End XCConfigurationList section */
	};
	rootObject = 31A7DC6D228514AB001AC068 /* Project object */;
}
